# THIS IS AN AUTOGENERATED FILE. DO NOT EDIT THIS FILE DIRECTLY.
# yarn lockfile v1


zod-error@^1.5.0:
  version "1.5.0"
  resolved "https://registry.yarnpkg.com/zod-error/-/zod-error-1.5.0.tgz#bfdc20532746d564c88c51bd36267d6b7d9b9a5d"
  integrity sha512-zzopKZ/skI9iXpqCEPj+iLCKl9b88E43ehcU+sbRoHuwGd9F1IDVGQ70TyO6kmfiRL1g4IXkjsXK+g1gLYl4WQ==
  dependencies:
    zod "^3.20.2"

zod@^3.20.2:
  version "3.23.8"
  resolved "https://registry.yarnpkg.com/zod/-/zod-3.23.8.tgz#e37b957b5d52079769fb8097099b592f0ef4067d"
  integrity sha512-XBx9AXhXktjUqnepgTiE5flcKIYWi/rme0Eaj+5Y0lftuGBq+jyRu/md4WnuxqgP1ubdpNCsYEYPxrzVHD8d6g==
